
Microsoft Visual Studio Solution File, Format Version 12.00
# Visual Studio Version 17
VisualStudioVersion = 17.5.002.0
MinimumVisualStudioVersion = 10.0.40219.1
Project("{9A19103F-16F7-4668-BE54-9A1E7A4F7556}") = "DocSite", "DocSite.csproj", "{66F128A7-5B5F-470C-8CD3-3F8690068986}"
EndProject
Global
	GlobalSection(SolutionConfigurationPlatforms) = preSolution
		Debug|Any CPU = Debug|Any CPU
		Release|Any CPU = Release|Any CPU
	EndGlobalSection
	GlobalSection(ProjectConfigurationPlatforms) = postSolution
		{66F128A7-5B5F-470C-8CD3-3F8690068986}.Debug|Any CPU.ActiveCfg = Debug|Any CPU
		{66F128A7-5B5F-470C-8CD3-3F8690068986}.Debug|Any CPU.Build.0 = Debug|Any CPU
		{66F128A7-5B5F-470C-8CD3-3F8690068986}.Release|Any CPU.ActiveCfg = Release|Any CPU
		{66F128A7-5B5F-470C-8CD3-3F8690068986}.Release|Any CPU.Build.0 = Release|Any CPU
	EndGlobalSection
	GlobalSection(SolutionProperties) = preSolution
		HideSolutionNode = FALSE
	EndGlobalSection
	GlobalSection(ExtensibilityGlobals) = postSolution
		SolutionGuid = {DA8D561A-0A5E-4D1E-A74A-451FD3A77319}
	EndGlobalSection
EndGlobal
